// !$*UTF8*$!
{
	archiveVersion = 1;
	classes = {
	};
	objectVersion = 46;
	objects = {

/* Begin PBXBuildFile section */
		4F45F16C1CD69B2D00CC5364 /* AppDelegate.swift in Sources */ = {isa = PBXBuildFile; fileRef = 4F45F16B1CD69B2D00CC5364 /* AppDelegate.swift */; };
		4F45F16E1CD69B2D00CC5364 /* ViewController.swift in Sources */ = {isa = PBXBuildFile; fileRef = 4F45F16D1CD69B2D00CC5364 /* ViewController.swift */; };
		4F45F1701CD69B2D00CC5364 /* Assets.xcassets in Resources */ = {isa = PBXBuildFile; fileRef = 4F45F16F1CD69B2D00CC5364 /* Assets.xcassets */; };
		4F45F1731CD69B2D00CC5364 /* Main.storyboard in Resources */ = {isa = PBXBuildFile; fileRef = 4F45F1711CD69B2D00CC5364 /* Main.storyboard */; };
		4F45F17E1CD69B2E00CC5364 /* SSLyricsTests.swift in Sources */ = {isa = PBXBuildFile; fileRef = 4F45F17D1CD69B2E00CC5364 /* SSLyricsTests.swift */; };
		4F45F1891CD69B2E00CC5364 /* SSLyricsUITests.swift in Sources */ = {isa = PBXBuildFile; fileRef = 4F45F1881CD69B2E00CC5364 /* SSLyricsUITests.swift */; };
/* End PBXBuildFile section */

/* Begin PBXContainerItemProxy section */
		4F45F17A1CD69B2E00CC5364 /* PBXContainerItemProxy */ = {
			isa = PBXContainerItemProxy;
			containerPortal = 4F45F1601CD69B2D00CC5364 /* Project object */;
			proxyType = 1;
			remoteGlobalIDString = 4F45F1671CD69B2D00CC5364;
			remoteInfo = SSLyrics;
		};
		4F45F1851CD69B2E00CC5364 /* PBXContainerItemProxy */ = {
			isa = PBXContainerItemProxy;
			containerPortal = 4F45F1601CD69B2D00CC5364 /* Project object */;
			proxyType = 1;
			remoteGlobalIDString = 4F45F1671CD69B2D00CC5364;
			remoteInfo = SSLyrics;
		};
/* End PBXContainerItemProxy section */

/* Begin PBXFileReference section */
		4F45F1681CD69B2D00CC5364 /* SSLyrics.app */ = {isa = PBXFileReference; explicitFileType = wrapper.application; includeInIndex = 0; path = SSLyrics.app; sourceTree = BUILT_PRODUCTS_DIR; };
		4F45F16B1CD69B2D00CC5364 /* AppDelegate.swift */ = {isa = PBXFileReference; lastKnownFileType = sourcecode.swift; path = AppDelegate.swift; sourceTree = "<group>"; };
		4F45F16D1CD69B2D00CC5364 /* ViewController.swift */ = {isa = PBXFileReference; lastKnownFileType = sourcecode.swift; path = ViewController.swift; sourceTree = "<group>"; };
		4F45F16F1CD69B2D00CC5364 /* Assets.xcassets */ = {isa = PBXFileReference; lastKnownFileType = folder.assetcatalog; path = Assets.xcassets; sourceTree = "<group>"; };
		4F45F1721CD69B2D00CC5364 /* Base */ = {isa = PBXFileReference; lastKnownFileType = file.storyboard; name = Base; path = Base.lproj/Main.storyboard; sourceTree = "<group>"; };
		4F45F1741CD69B2D00CC5364 /* Info.plist */ = {isa = PBXFileReference; lastKnownFileType = text.plist.xml; path = Info.plist; sourceTree = "<group>"; };
		4F45F1791CD69B2E00CC5364 /* SSLyricsTests.xctest */ = {isa = PBXFileReference; explicitFileType = wrapper.cfbundle; includeInIndex = 0; path = SSLyricsTests.xctest; sourceTree = BUILT_PRODUCTS_DIR; };
		4F45F17D1CD69B2E00CC5364 /* SSLyricsTests.swift */ = {isa = PBXFileReference; lastKnownFileType = sourcecode.swift; path = SSLyricsTests.swift; sourceTree = "<group>"; };
		4F45F17F1CD69B2E00CC5364 /* Info.plist */ = {isa = PBXFileReference; lastKnownFileType = text.plist.xml; path = Info.plist; sourceTree = "<group>"; };
		4F45F1841CD69B2E00CC5364 /* SSLyricsUITests.xctest */ = {isa = PBXFileReference; explicitFileType = wrapper.cfbundle; includeInIndex = 0; path = SSLyricsUITests.xctest; sourceTree = BUILT_PRODUCTS_DIR; };
		4F45F1881CD69B2E00CC5364 /* SSLyricsUITests.swift */ = {isa = PBXFileReference; lastKnownFileType = sourcecode.swift; path = SSLyricsUITests.swift; sourceTree = "<group>"; };
		4F45F18A1CD69B2E00CC5364 /* Info.plist */ = {isa = PBXFileReference; lastKnownFileType = text.plist.xml; path = Info.plist; sourceTree = "<group>"; };
		4F45F1961CD69B5A00CC5364 /* iTunes.h */ = {isa = PBXFileReference; lastKnownFileType = sourcecode.c.h; path = iTunes.h; sourceTree = "<group>"; };
		4F45F1971CD69B7F00CC5364 /* SSLyrics-Bridging-Header.h */ = {isa = PBXFileReference; lastKnownFileType = sourcecode.c.h; path = "SSLyrics-Bridging-Header.h"; sourceTree = "<group>"; };
/* End PBXFileReference section */

/* Begin PBXFrameworksBuildPhase section */
		4F45F1651CD69B2D00CC5364 /* Frameworks */ = {
			isa = PBXFrameworksBuildPhase;
			buildActionMask = 2147483647;
			files = (
			);
			runOnlyForDeploymentPostprocessing = 0;
		};
		4F45F1761CD69B2E00CC5364 /* Frameworks */ = {
			isa = PBXFrameworksBuildPhase;
			buildActionMask = 2147483647;
			files = (
			);
			runOnlyForDeploymentPostprocessing = 0;
		};
		4F45F1811CD69B2E00CC5364 /* Frameworks */ = {
			isa = PBXFrameworksBuildPhase;
			buildActionMask = 2147483647;
			files = (
			);
			runOnlyForDeploymentPostprocessing = 0;
		};
/* End PBXFrameworksBuildPhase section */

/* Begin PBXGroup section */
		4F45F15F1CD69B2D00CC5364 = {
			isa = PBXGroup;
			children = (
				4F45F16A1CD69B2D00CC5364 /* SSLyrics */,
				4F45F17C1CD69B2E00CC5364 /* SSLyricsTests */,
				4F45F1871CD69B2E00CC5364 /* SSLyricsUITests */,
				4F45F1691CD69B2D00CC5364 /* Products */,
			);
			sourceTree = "<group>";
		};
		4F45F1691CD69B2D00CC5364 /* Products */ = {
			isa = PBXGroup;
			children = (
				4F45F1681CD69B2D00CC5364 /* SSLyrics.app */,
				4F45F1791CD69B2E00CC5364 /* SSLyricsTests.xctest */,
				4F45F1841CD69B2E00CC5364 /* SSLyricsUITests.xctest */,
			);
			name = Products;
			sourceTree = "<group>";
		};
		4F45F16A1CD69B2D00CC5364 /* SSLyrics */ = {
			isa = PBXGroup;
			children = (
				4F45F1961CD69B5A00CC5364 /* iTunes.h */,
				4F45F1971CD69B7F00CC5364 /* SSLyrics-Bridging-Header.h */,
				4F45F16B1CD69B2D00CC5364 /* AppDelegate.swift */,
				4F45F16D1CD69B2D00CC5364 /* ViewController.swift */,
				4F45F16F1CD69B2D00CC5364 /* Assets.xcassets */,
				4F45F1711CD69B2D00CC5364 /* Main.storyboard */,
				4F45F1741CD69B2D00CC5364 /* Info.plist */,
			);
			path = SSLyrics;
			sourceTree = "<group>";
		};
		4F45F17C1CD69B2E00CC5364 /* SSLyricsTests */ = {
			isa = PBXGroup;
			children = (
				4F45F17D1CD69B2E00CC5364 /* SSLyricsTests.swift */,
				4F45F17F1CD69B2E00CC5364 /* Info.plist */,
			);
			path = SSLyricsTests;
			sourceTree = "<group>";
		};
		4F45F1871CD69B2E00CC5364 /* SSLyricsUITests */ = {
			isa = PBXGroup;
			children = (
				4F45F1881CD69B2E00CC5364 /* SSLyricsUITests.swift */,
				4F45F18A1CD69B2E00CC5364 /* Info.plist */,
			);
			path = SSLyricsUITests;
			sourceTree = "<group>";
		};
/* End PBXGroup section */

/* Begin PBXNativeTarget section */
		4F45F1671CD69B2D00CC5364 /* SSLyrics */ = {
			isa = PBXNativeTarget;
			buildConfigurationList = 4F45F18D1CD69B2E00CC5364 /* Build configuration list for PBXNativeTarget "SSLyrics" */;
			buildPhases = (
				4F45F1641CD69B2D00CC5364 /* Sources */,
				4F45F1651CD69B2D00CC5364 /* Frameworks */,
				4F45F1661CD69B2D00CC5364 /* Resources */,
			);
			buildRules = (
			);
			dependencies = (
			);
			name = SSLyrics;
			productName = SSLyrics;
			productReference = 4F45F1681CD69B2D00CC5364 /* SSLyrics.app */;
			productType = "com.apple.product-type.application";
		};
		4F45F1781CD69B2E00CC5364 /* SSLyricsTests */ = {
			isa = PBXNativeTarget;
			buildConfigurationList = 4F45F1901CD69B2E00CC5364 /* Build configuration list for PBXNativeTarget "SSLyricsTests" */;
			buildPhases = (
				4F45F1751CD69B2E00CC5364 /* Sources */,
				4F45F1761CD69B2E00CC5364 /* Frameworks */,
				4F45F1771CD69B2E00CC5364 /* Resources */,
			);
			buildRules = (
			);
			dependencies = (
				4F45F17B1CD69B2E00CC5364 /* PBXTargetDependency */,
			);
			name = SSLyricsTests;
			productName = SSLyricsTests;
			productReference = 4F45F1791CD69B2E00CC5364 /* SSLyricsTests.xctest */;
			productType = "com.apple.product-type.bundle.unit-test";
		};
		4F45F1831CD69B2E00CC5364 /* SSLyricsUITests */ = {
			isa = PBXNativeTarget;
			buildConfigurationList = 4F45F1931CD69B2E00CC5364 /* Build configuration list for PBXNativeTarget "SSLyricsUITests" */;
			buildPhases = (
				4F45F1801CD69B2E00CC5364 /* Sources */,
				4F45F1811CD69B2E00CC5364 /* Frameworks */,
				4F45F1821CD69B2E00CC5364 /* Resources */,
			);
			buildRules = (
			);
			dependencies = (
				4F45F1861CD69B2E00CC5364 /* PBXTargetDependency */,
			);
			name = SSLyricsUITests;
			productName = SSLyricsUITests;
			productReference = 4F45F1841CD69B2E00CC5364 /* SSLyricsUITests.xctest */;
			productType = "com.apple.product-type.bundle.ui-testing";
		};
/* End PBXNativeTarget section */

/* Begin PBXProject section */
		4F45F1601CD69B2D00CC5364 /* Project object */ = {
			isa = PBXProject;
			attributes = {
				LastSwiftUpdateCheck = 0730;
				LastUpgradeCheck = 0730;
				ORGANIZATIONNAME = "Victor Hawley Jr.";
				TargetAttributes = {
					4F45F1671CD69B2D00CC5364 = {
						CreatedOnToolsVersion = 7.3;
					};
					4F45F1781CD69B2E00CC5364 = {
						CreatedOnToolsVersion = 7.3;
						TestTargetID = 4F45F1671CD69B2D00CC5364;
					};
					4F45F1831CD69B2E00CC5364 = {
						CreatedOnToolsVersion = 7.3;
						TestTargetID = 4F45F1671CD69B2D00CC5364;
					};
				};
			};
			buildConfigurationList = 4F45F1631CD69B2D00CC5364 /* Build configuration list for PBXProject "SSLyrics" */;
			compatibilityVersion = "Xcode 3.2";
			developmentRegion = English;
			hasScannedForEncodings = 0;
			knownRegions = (
				en,
				Base,
			);
			mainGroup = 4F45F15F1CD69B2D00CC5364;
			productRefGroup = 4F45F1691CD69B2D00CC5364 /* Products */;
			projectDirPath = "";
			projectRoot = "";
			targets = (
				4F45F1671CD69B2D00CC5364 /* SSLyrics */,
				4F45F1781CD69B2E00CC5364 /* SSLyricsTests */,
				4F45F1831CD69B2E00CC5364 /* SSLyricsUITests */,
			);
		};
/* End PBXProject section */

/* Begin PBXResourcesBuildPhase section */
		4F45F1661CD69B2D00CC5364 /* Resources */ = {
			isa = PBXResourcesBuildPhase;
			buildActionMask = 2147483647;
			files = (
				4F45F1701CD69B2D00CC5364 /* Assets.xcassets in Resources */,
				4F45F1731CD69B2D00CC5364 /* Main.storyboard in Resources */,
			);
			runOnlyForDeploymentPostprocessing = 0;
		};
		4F45F1771CD69B2E00CC5364 /* Resources */ = {
			isa = PBXResourcesBuildPhase;
			buildActionMask = 2147483647;
			files = (
			);
			runOnlyForDeploymentPostprocessing = 0;
		};
		4F45F1821CD69B2E00CC5364 /* Resources */ = {
			isa = PBXResourcesBuildPhase;
			buildActionMask = 2147483647;
			files = (
			);
			runOnlyForDeploymentPostprocessing = 0;
		};
/* End PBXResourcesBuildPhase section */

/* Begin PBXSourcesBuildPhase section */
		4F45F1641CD69B2D00CC5364 /* Sources */ = {
			isa = PBXSourcesBuildPhase;
			buildActionMask = 2147483647;
			files = (
				4F45F16E1CD69B2D00CC5364 /* ViewController.swift in Sources */,
				4F45F16C1CD69B2D00CC5364 /* AppDelegate.swift in Sources */,
			);
			runOnlyForDeploymentPostprocessing = 0;
		};
		4F45F1751CD69B2E00CC5364 /* Sources */ = {
			isa = PBXSourcesBuildPhase;
			buildActionMask = 2147483647;
			files = (
				4F45F17E1CD69B2E00CC5364 /* SSLyricsTests.swift in Sources */,
			);
			runOnlyForDeploymentPostprocessing = 0;
		};
		4F45F1801CD69B2E00CC5364 /* Sources */ = {
			isa = PBXSourcesBuildPhase;
			buildActionMask = 2147483647;
			files = (
				4F45F1891CD69B2E00CC5364 /* SSLyricsUITests.swift in Sources */,
			);
			runOnlyForDeploymentPostprocessing = 0;
		};
/* End PBXSourcesBuildPhase section */

/* Begin PBXTargetDependency section */
		4F45F17B1CD69B2E00CC5364 /* PBXTargetDependency */ = {
			isa = PBXTargetDependency;
			target = 4F45F1671CD69B2D00CC5364 /* SSLyrics */;
			targetProxy = 4F45F17A1CD69B2E00CC5364 /* PBXContainerItemProxy */;
		};
		4F45F1861CD69B2E00CC5364 /* PBXTargetDependency */ = {
			isa = PBXTargetDependency;
			target = 4F45F1671CD69B2D00CC5364 /* SSLyrics */;
			targetProxy = 4F45F1851CD69B2E00CC5364 /* PBXContainerItemProxy */;
		};
/* End PBXTargetDependency section */

/* Begin PBXVariantGroup section */
		4F45F1711CD69B2D00CC5364 /* Main.storyboard */ = {
			isa = PBXVariantGroup;
			children = (
				4F45F1721CD69B2D00CC5364 /* Base */,
			);
			name = Main.storyboard;
			sourceTree = "<group>";
		};
/* End PBXVariantGroup section */

/* Begin XCBuildConfiguration section */
		4F45F18B1CD69B2E00CC5364 /* Debug */ = {
			isa = XCBuildConfiguration;
			buildSettings = {
				ALWAYS_SEARCH_USER_PATHS = NO;
				CLANG_ANALYZER_NONNULL = YES;
				CLANG_CXX_LANGUAGE_STANDARD = "gnu++0x";
				CLANG_CXX_LIBRARY = "libc++";
				CLANG_ENABLE_MODULES = YES;
				CLANG_ENABLE_OBJC_ARC = YES;
				CLANG_WARN_BOOL_CONVERSION = YES;
				CLANG_WARN_CONSTANT_CONVERSION = YES;
				CLANG_WARN_DIRECT_OBJC_ISA_USAGE = YES_ERROR;
				CLANG_WARN_EMPTY_BODY = YES;
				CLANG_WARN_ENUM_CONVERSION = YES;
				CLANG_WARN_INT_CONVERSION = YES;
				CLANG_WARN_OBJC_ROOT_CLASS = YES_ERROR;
				CLANG_WARN_UNREACHABLE_CODE = YES;
				CLANG_WARN__DUPLICATE_METHOD_MATCH = YES;
				CODE_SIGN_IDENTITY = "-";
				COPY_PHASE_STRIP = NO;
				DEBUG_INFORMATION_FORMAT = dwarf;
				ENABLE_STRICT_OBJC_MSGSEND = YES;
				ENABLE_TESTABILITY = YES;
				GCC_C_LANGUAGE_STANDARD = gnu99;
				GCC_DYNAMIC_NO_PIC = NO;
				GCC_NO_COMMON_BLOCKS = YES;
				GCC_OPTIMIZATION_LEVEL = 0;
				GCC_PREPROCESSOR_DEFINITIONS = (
					"DEBUG=1",
					"$(inherited)",
				);
				GCC_WARN_64_TO_32_BIT_CONVERSION = YES;
				GCC_WARN_ABOUT_RETURN_TYPE = YES_ERROR;
				GCC_WARN_UNDECLARED_SELECTOR = YES;
				GCC_WARN_UNINITIALIZED_AUTOS = YES_AGGRESSIVE;
				GCC_WARN_UNUSED_FUNCTION = YES;
				GCC_WARN_UNUSED_VARIABLE = YES;
				MACOSX_DEPLOYMENT_TARGET = 10.11;
				MTL_ENABLE_DEBUG_INFO = YES;
				ONLY_ACTIVE_ARCH = YES;
				SDKROOT = macosx;
				SWIFT_OPTIMIZATION_LEVEL = "-Onone";
			};
			name = Debug;
		};
		4F45F18C1CD69B2E00CC5364 /* Release */ = {
			isa = XCBuildConfiguration;
			buildSettings = {
				ALWAYS_SEARCH_USER_PATHS = NO;
				CLANG_ANALYZER_NONNULL = YES;
				CLANG_CXX_LANGUAGE_STANDARD = "gnu++0x";
				CLANG_CXX_LIBRARY = "libc++";
				CLANG_ENABLE_MODULES = YES;
				CLANG_ENABLE_OBJC_ARC = YES;
				CLANG_WARN_BOOL_CONVERSION = YES;
				CLANG_WARN_CONSTANT_CONVERSION = YES;
				CLANG_WARN_DIRECT_OBJC_ISA_USAGE = YES_ERROR;
				CLANG_WARN_EMPTY_BODY = YES;
				CLANG_WARN_ENUM_CONVERSION = YES;
				CLANG_WARN_INT_CONVERSION = YES;
				CLANG_WARN_OBJC_ROOT_CLASS = YES_ERROR;
				CLANG_WARN_UNREACHABLE_CODE = YES;
				CLANG_WARN__DUPLICATE_METHOD_MATCH = YES;
				CODE_SIGN_IDENTITY = "-";
				COPY_PHASE_STRIP = NO;
				DEBUG_INFORMATION_FORMAT = "dwarf-with-dsym";
				ENABLE_NS_ASSERTIONS = NO;
				ENABLE_STRICT_OBJC_MSGSEND = YES;
				GCC_C_LANGUAGE_STANDARD = gnu99;
				GCC_NO_COMMON_BLOCKS = YES;
				GCC_WARN_64_TO_32_BIT_CONVERSION = YES;
				GCC_WARN_ABOUT_RETURN_TYPE = YES_ERROR;
				GCC_WARN_UNDECLARED_SELECTOR = YES;
				GCC_WARN_UNINITIALIZED_AUTOS = YES_AGGRESSIVE;
				GCC_WARN_UNUSED_FUNCTION = YES;
				GCC_WARN_UNUSED_VARIABLE = YES;
				MACOSX_DEPLOYMENT_TARGET = 10.11;
				MTL_ENABLE_DEBUG_INFO = NO;
				SDKROOT = macosx;
			};
			name = Release;
		};
		4F45F18E1CD69B2E00CC5364 /* Debug */ = {
			isa = XCBuildConfiguration;
			buildSettings = {
				ASSETCATALOG_COMPILER_APPICON_NAME = AppIcon;
				COMBINE_HIDPI_IMAGES = YES;
				INFOPLIST_FILE = SSLyrics/Info.plist;
				LD_RUNPATH_SEARCH_PATHS = "$(inherited) @executable_path/../Frameworks";
				PRODUCT_BUNDLE_IDENTIFIER = com.vhawley.SSLyrics;
				PRODUCT_NAME = "$(TARGET_NAME)";
				SWIFT_OBJC_BRIDGING_HEADER = "SSLyrics/SSLyrics-Bridging-Header.h";
			};
			name = Debug;
		};
		4F45F18F1CD69B2E00CC5364 /* Release */ = {
			isa = XCBuildConfiguration;
			buildSettings = {
				ASSETCATALOG_COMPILER_APPICON_NAME = AppIcon;
				COMBINE_HIDPI_IMAGES = YES;
				INFOPLIST_FILE = SSLyrics/Info.plist;
				LD_RUNPATH_SEARCH_PATHS = "$(inherited) @executable_path/../Frameworks";
				PRODUCT_BUNDLE_IDENTIFIER = com.vhawley.SSLyrics;
				PRODUCT_NAME = "$(TARGET_NAME)";
				SWIFT_OBJC_BRIDGING_HEADER = "SSLyrics/SSLyrics-Bridging-Header.h";
			};
			name = Release;
		};
		4F45F1911CD69B2E00CC5364 /* Debug */ = {
			isa = XCBuildConfiguration;
			buildSettings = {
				BUNDLE_LOADER = "$(TEST_HOST)";
				COMBINE_HIDPI_IMAGES = YES;
				INFOPLIST_FILE = SSLyricsTests/Info.plist;
				LD_RUNPATH_SEARCH_PATHS = "$(inherited) @executable_path/../Frameworks @loader_path/../Frameworks";
				PRODUCT_BUNDLE_IDENTIFIER = com.vhawley.SSLyricsTests;
				PRODUCT_NAME = "$(TARGET_NAME)";
				TEST_HOST = "$(BUILT_PRODUCTS_DIR)/SSLyrics.app/Contents/MacOS/SSLyrics";
			};
			name = Debug;
		};
		4F45F1921CD69B2E00CC5364 /* Release */ = {
			isa = XCBuildConfiguration;
			buildSettings = {
				BUNDLE_LOADER = "$(TEST_HOST)";
				COMBINE_HIDPI_IMAGES = YES;
				INFOPLIST_FILE = SSLyricsTests/Info.plist;
				LD_RUNPATH_SEARCH_PATHS = "$(inherited) @executable_path/../Frameworks @loader_path/../Frameworks";
				PRODUCT_BUNDLE_IDENTIFIER = com.vhawley.SSLyricsTests;
				PRODUCT_NAME = "$(TARGET_NAME)";
				TEST_HOST = "$(BUILT_PRODUCTS_DIR)/SSLyrics.app/Contents/MacOS/SSLyrics";
			};
			name = Release;
		};
		4F45F1941CD69B2E00CC5364 /* Debug */ = {
			isa = XCBuildConfiguration;
			buildSettings = {
				COMBINE_HIDPI_IMAGES = YES;
				INFOPLIST_FILE = SSLyricsUITests/Info.plist;
				LD_RUNPATH_SEARCH_PATHS = "$(inherited) @executable_path/../Frameworks @loader_path/../Frameworks";
				PRODUCT_BUNDLE_IDENTIFIER = com.vhawley.SSLyricsUITests;
				PRODUCT_NAME = "$(TARGET_NAME)";
				TEST_TARGET_NAME = SSLyrics;
			};
			name = Debug;
		};
		4F45F1951CD69B2E00CC5364 /* Release */ = {
			isa = XCBuildConfiguration;
			buildSettings = {
				COMBINE_HIDPI_IMAGES = YES;
				INFOPLIST_FILE = SSLyricsUITests/Info.plist;
				LD_RUNPATH_SEARCH_PATHS = "$(inherited) @executable_path/../Frameworks @loader_path/../Frameworks";
				PRODUCT_BUNDLE_IDENTIFIER = com.vhawley.SSLyricsUITests;
				PRODUCT_NAME = "$(TARGET_NAME)";
				TEST_TARGET_NAME = SSLyrics;
			};
			name = Release;
		};
/* End XCBuildConfiguration section */

/* Begin XCConfigurationList section */
		4F45F1631CD69B2D00CC5364 /* Build configuration list for PBXProject "SSLyrics" */ = {
			isa = XCConfigurationList;
			buildConfigurations = (
				4F45F18B1CD69B2E00CC5364 /* Debug */,
				4F45F18C1CD69B2E00CC5364 /* Release */,
			);
			defaultConfigurationIsVisible = 0;
			defaultConfigurationName = Release;
		};
		4F45F18D1CD69B2E00CC5364 /* Build configuration list for PBXNativeTarget "SSLyrics" */ = {
			isa = XCConfigurationList;
			buildConfigurations = (
				4F45F18E1CD69B2E00CC5364 /* Debug */,
				4F45F18F1CD69B2E00CC5364 /* Release */,
			);
			defaultConfigurationIsVisible = 0;
		};
		4F45F1901CD69B2E00CC5364 /* Build configuration list for PBXNativeTarget "SSLyricsTests" */ = {
			isa = XCConfigurationList;
			buildConfigurations = (
				4F45F1911CD69B2E00CC5364 /* Debug */,
				4F45F1921CD69B2E00CC5364 /* Release */,
			);
			defaultConfigurationIsVisible = 0;
		};
		4F45F1931CD69B2E00CC5364 /* Build configuration list for PBXNativeTarget "SSLyricsUITests" */ = {
			isa = XCConfigurationList;
			buildConfigurations = (
				4F45F1941CD69B2E00CC5364 /* Debug */,
				4F45F1951CD69B2E00CC5364 /* Release */,
			);
			defaultConfigurationIsVisible = 0;
		};
/* End XCConfigurationList section */
	};
	rootObject = 4F45F1601CD69B2D00CC5364 /* Project object */;
}
